hash: e87bf031c6837a33b9afaba4fbd5c7e87e3e7a844d9ae1b897192840e44ee13f
updated: 2017-03-03T10:55:42.896123098+01:00
imports:
- name: github.com/deshboard/boilerplate-proto
  version: 26041c92ef1a698ad08cfff9549763d6e3b92234
- name: github.com/golang/protobuf
  version: 69b215d01a5606c843240eab4937eab3acee6530
  subpackages:
  - proto
- name: golang.org/x/net
  version: 61557ac0112b576429a0df080e1c2cef5dfbb642
  subpackages:
  - context
  - http2
  - http2/hpack
  - idna
  - internal/timeseries
  - lex/httplex
  - trace
- name: google.golang.org/grpc
  version: 708a7f9f3283aa2d4f6132d287d78683babe55c8
  subpackages:
  - codes
  - credentials
  - grpclog
  - internal
  - metadata
  - naming
  - peer
  - stats
  - tap
  - transport
testImports: []
